<?xml version="1.0" encoding="UTF-8" standalone="yes" ?>
<CodeBlocks_project_file>
	<FileVersion major="1" minor="6" />
	<Project>
		<Option title="dots" />
		<Option pch_mode="2" />
		<Option compiler="gcc" />
		<Build>
			<Target title="Debug">
				<Option output="bin/Debug/dots" prefix_auto="1" extension_auto="1" />
				<Option object_output="obj/Debug/" />
				<Option type="1" />
				<Option compiler="gcc" />
				<Compiler>
					<Add option="-g" />
				</Compiler>
			</Target>
			<Target title="Release">
				<Option output="bin/Release/dots" prefix_auto="1" extension_auto="1" />
				<Option object_output="obj/Release/" />
				<Option type="1" />
				<Option compiler="gcc" />
				<Compiler>
					<Add option="-O2" />
				</Compiler>
				<Linker>
					<Add option="-s" />
				</Linker>
			</Target>
		</Build>
		<Compiler>
			<Add option="-Wall" />
		</Compiler>
		<Unit filename="dots.h" />
		<Unit filename="econio.c">
			<Option compilerVar="CC" />
		</Unit>
		<Unit filename="econio.h" />
		<Unit filename="game.c">
			<Option compilerVar="CC" />
		</Unit>
		<Unit filename="game.h" />
		<Unit filename="highscore.c">
			<Option compilerVar="CC" />
		</Unit>
		<Unit filename="highscore.h" />
		<Unit filename="keys.h" />
		<Unit filename="main.c">
			<Option compilerVar="CC" />
		</Unit>
		<Unit filename="screen.c">
			<Option compilerVar="CC" />
		</Unit>
		<Unit filename="screen.h" />
		<Unit filename="settings.c">
			<Option compilerVar="CC" />
		</Unit>
		<Unit filename="settings.dat" />
		<Unit filename="settings.h" />
		<Extensions>
			<code_completion />
			<envvars />
			<debugger />
			<editor_config active="1" use_tabs="0" tab_indents="1" tab_width="4" indent="4" eol_mode="0" />
		</Extensions>
	</Project>
</CodeBlocks_project_file>
